<?xml version="1.0" encoding="utf-8"?>
<Project ToolsVersion="4.0" xmlns="http://schemas.microsoft.com/developer/msbuild/2003">
  <ItemGroup>
    <Filter Include="Source Files">
      <UniqueIdentifier>{4FC737F1-C7A5-4376-A066-2A32D752A2FF}</UniqueIdentifier>
      <Extensions>cpp;c;cc;cxx;def;odl;idl;hpj;bat;asm;asmx</Extensions>
    </Filter>
    <Filter Include="Header Files">
      <UniqueIdentifier>{93995380-89BD-4b04-88EB-625FBE52EBFB}</UniqueIdentifier>
      <Extensions>h;hh;hpp;hxx;hm;inl;inc;ipp;xsd</Extensions>
    </Filter>
    <Filter Include="Resource Files">
      <UniqueIdentifier>{67DA6AB6-F800-4c08-8B7A-83BB121AAD01}</UniqueIdentifier>
      <Extensions>rc;ico;cur;bmp;dlg;rc2;rct;bin;rgs;gif;jpg;jpeg;jpe;resx;tiff;tif;png;wav;mfcribbon-ms</Extensions>
    </Filter>
  </ItemGroup>
  <ItemGroup>
    <ClCompile Include="main.cpp">
      <Filter>Source Files</Filter>
    </ClCompile>
    <ClCompile Include="Fenetre.cpp">
      <Filter>Source Files</Filter>
    </ClCompile>
  </ItemGroup>
  <ItemGroup>
    <ClInclude Include="Fenetre.h">
      <Filter>Header Files</Filter>
    </ClInclude>
    <ClInclude Include="Sommet.h">
      <Filter>Header Files</Filter>
    </ClInclude>
    <ClInclude Include="Arete.h">
      <Filter>Header Files</Filter>
    </ClInclude>
    <ClInclude Include="FenetreGrapheSFML.h">
      <Filter>Header Files</Filter>
    </ClInclude>
    <ClInclude Include="Graphe.h">
      <Filter>Header Files</Filter>
    </ClInclude>
    <ClInclude Include="Peinture.h">
      <Filter>Header Files</Filter>
    </ClInclude>
    <ClInclude Include="TransfoAffine2D.h">
      <Filter>Header Files</Filter>
    </ClInclude>
    <ClInclude Include="Vecteur2D.h">
      <Filter>Header Files</Filter>
    </ClInclude>
    <ClInclude Include="VSommet.h">
      <Filter>Header Files</Filter>
    </ClInclude>
    <ClInclude Include="FenetreGrapheSFMLAvecAxesRepereMonde .h">
      <Filter>Header Files</Filter>
    </ClInclude>
    <ClInclude Include="AlgebreLineaire.h">
      <Filter>Header Files</Filter>
    </ClInclude>
    <ClInclude Include="Erreur.h">
      <Filter>Header Files</Filter>
    </ClInclude>
    <ClInclude Include="Reels.h">
      <Filter>Header Files</Filter>
    </ClInclude>
    <ClInclude Include="Matrice22.h">
      <Filter>Header Files</Filter>
    </ClInclude>
  </ItemGroup>
</Project>